
Microsoft Visual Studio Solution File, Format Version 12.00
# Visual Studio Version 17
VisualStudioVersion = 17.2.32630.192
MinimumVisualStudioVersion = 10.0.40219.1
Project("{9A19103F-16F7-4668-BE54-9A1E7A4F7556}") = "R5T.R0009.Server", "R5T.R0009.Server\R5T.R0009.Server.csproj", "{56F400E1-0B1F-43E7-984C-F69350F6816F}"
EndProject
Project("{9A19103F-16F7-4668-BE54-9A1E7A4F7556}") = "R5T.R0009", "R5T.R0009\R5T.R0009.csproj", "{02B49C95-9D73-46A8-B75E-D16123FD7AB8}"
EndProject
Project("{2150E333-8FDC-42A3-9474-1A3956D46DE8}") = "_Dependencies", "_Dependencies", "{35C5BF7D-E492-4349-A2F8-FC866C0EB197}"
EndProject
Project("{9A19103F-16F7-4668-BE54-9A1E7A4F7556}") = "R5T.R0009.Client", "R5T.R0009.Client\R5T.R0009.Client.csproj", "{4568DB1C-2DA0-460B-B40D-56C4338190BF}"
EndProject
Project("{9A19103F-16F7-4668-BE54-9A1E7A4F7556}") = "R5T.T0143", "..\..\R5T.T0143\source\R5T.T0143\R5T.T0143.csproj", "{DEE17A2C-1483-4E66-9A09-CD16E09CFE86}"
EndProject
Project("{9A19103F-16F7-4668-BE54-9A1E7A4F7556}") = "R5T.T0154", "..\..\R5T.T0154\source\R5T.T0154\R5T.T0154.csproj", "{4239C119-9811-4ED1-B2BE-40FC4FFBBD6F}"
EndProject
Project("{9A19103F-16F7-4668-BE54-9A1E7A4F7556}") = "R5T.R0010", "..\..\R5T.R0010\source\R5T.R0010\R5T.R0010.csproj", "{9C5E3452-C926-4681-A34E-874C85CCE7FD}"
EndProject
Project("{9A19103F-16F7-4668-BE54-9A1E7A4F7556}") = "R5T.R0011", "..\..\R5T.R0011\source\R5T.R0011\R5T.R0011.csproj", "{BC280010-FB92-4841-9C41-DD7B3E8E336A}"
EndProject
Global
	GlobalSection(NestedProjects) = preSolution
		{DEE17A2C-1483-4E66-9A09-CD16E09CFE86} = {35C5BF7D-E492-4349-A2F8-FC866C0EB197}
		{4239C119-9811-4ED1-B2BE-40FC4FFBBD6F} = {35C5BF7D-E492-4349-A2F8-FC866C0EB197}
		{9C5E3452-C926-4681-A34E-874C85CCE7FD} = {35C5BF7D-E492-4349-A2F8-FC866C0EB197}
		{BC280010-FB92-4841-9C41-DD7B3E8E336A} = {35C5BF7D-E492-4349-A2F8-FC866C0EB197}
	EndGlobalSection
	GlobalSection(SolutionConfigurationPlatforms) = preSolution
		Debug|Any CPU = Debug|Any CPU
		Release|Any CPU = Release|Any CPU
	EndGlobalSection
	GlobalSection(ProjectConfigurationPlatforms) = postSolution
		{56F400E1-0B1F-43E7-984C-F69350F6816F}.Debug|Any CPU.ActiveCfg = Debug|Any CPU
		{56F400E1-0B1F-43E7-984C-F69350F6816F}.Debug|Any CPU.Build.0 = Debug|Any CPU
		{56F400E1-0B1F-43E7-984C-F69350F6816F}.Release|Any CPU.ActiveCfg = Release|Any CPU
		{56F400E1-0B1F-43E7-984C-F69350F6816F}.Release|Any CPU.Build.0 = Release|Any CPU
		{02B49C95-9D73-46A8-B75E-D16123FD7AB8}.Debug|Any CPU.ActiveCfg = Debug|Any CPU
		{02B49C95-9D73-46A8-B75E-D16123FD7AB8}.Debug|Any CPU.Build.0 = Debug|Any CPU
		{02B49C95-9D73-46A8-B75E-D16123FD7AB8}.Release|Any CPU.ActiveCfg = Release|Any CPU
		{02B49C95-9D73-46A8-B75E-D16123FD7AB8}.Release|Any CPU.Build.0 = Release|Any CPU
		{4568DB1C-2DA0-460B-B40D-56C4338190BF}.Debug|Any CPU.ActiveCfg = Debug|Any CPU
		{4568DB1C-2DA0-460B-B40D-56C4338190BF}.Debug|Any CPU.Build.0 = Debug|Any CPU
		{4568DB1C-2DA0-460B-B40D-56C4338190BF}.Release|Any CPU.ActiveCfg = Release|Any CPU
		{4568DB1C-2DA0-460B-B40D-56C4338190BF}.Release|Any CPU.Build.0 = Release|Any CPU
		{DEE17A2C-1483-4E66-9A09-CD16E09CFE86}.Debug|Any CPU.ActiveCfg = Debug|Any CPU
		{DEE17A2C-1483-4E66-9A09-CD16E09CFE86}.Debug|Any CPU.Build.0 = Debug|Any CPU
		{DEE17A2C-1483-4E66-9A09-CD16E09CFE86}.Release|Any CPU.ActiveCfg = Release|Any CPU
		{DEE17A2C-1483-4E66-9A09-CD16E09CFE86}.Release|Any CPU.Build.0 = Release|Any CPU
		{4239C119-9811-4ED1-B2BE-40FC4FFBBD6F}.Debug|Any CPU.ActiveCfg = Debug|Any CPU
		{4239C119-9811-4ED1-B2BE-40FC4FFBBD6F}.Debug|Any CPU.Build.0 = Debug|Any CPU
		{4239C119-9811-4ED1-B2BE-40FC4FFBBD6F}.Release|Any CPU.ActiveCfg = Release|Any CPU
		{4239C119-9811-4ED1-B2BE-40FC4FFBBD6F}.Release|Any CPU.Build.0 = Release|Any CPU
		{9C5E3452-C926-4681-A34E-874C85CCE7FD}.Debug|Any CPU.ActiveCfg = Debug|Any CPU
		{9C5E3452-C926-4681-A34E-874C85CCE7FD}.Debug|Any CPU.Build.0 = Debug|Any CPU
		{9C5E3452-C926-4681-A34E-874C85CCE7FD}.Release|Any CPU.ActiveCfg = Release|Any CPU
		{9C5E3452-C926-4681-A34E-874C85CCE7FD}.Release|Any CPU.Build.0 = Release|Any CPU
		{BC280010-FB92-4841-9C41-DD7B3E8E336A}.Debug|Any CPU.ActiveCfg = Debug|Any CPU
		{BC280010-FB92-4841-9C41-DD7B3E8E336A}.Debug|Any CPU.Build.0 = Debug|Any CPU
		{BC280010-FB92-4841-9C41-DD7B3E8E336A}.Release|Any CPU.ActiveCfg = Release|Any CPU
		{BC280010-FB92-4841-9C41-DD7B3E8E336A}.Release|Any CPU.Build.0 = Release|Any CPU
	EndGlobalSection
	GlobalSection(SolutionProperties) = preSolution
		HideSolutionNode = FALSE
	EndGlobalSection
	GlobalSection(ExtensibilityGlobals) = postSolution
		SolutionGuid = {043F1E77-248B-4FA6-9A7E-0E61F6EF22C6}
	EndGlobalSection
EndGlobal
